
Microsoft Visual Studio Solution File, Format Version 12.00
# Visual Studio 15
VisualStudioVersion = 15.0.28307.572
MinimumVisualStudioVersion = 10.0.40219.1
Project("{FAE04EC0-301F-11D3-BF4B-00C04F79EFBC}") = "netcore2-logging", "netcore2-logging\netcore2-logging.csproj", "{7F654647-8F96-4702-87B1-BF754269671D}"
EndProject
Global
	GlobalSection(SolutionConfigurationPlatforms) = preSolution
		Debug|Any CPU = Debug|Any CPU
		Release|Any CPU = Release|Any CPU
	EndGlobalSection
	GlobalSection(ProjectConfigurationPlatforms) = postSolution
		{7F654647-8F96-4702-87B1-BF754269671D}.Debug|Any CPU.ActiveCfg = Debug|Any CPU
		{7F654647-8F96-4702-87B1-BF754269671D}.Debug|Any CPU.Build.0 = Debug|Any CPU
		{7F654647-8F96-4702-87B1-BF754269671D}.Release|Any CPU.ActiveCfg = Release|Any CPU
		{7F654647-8F96-4702-87B1-BF754269671D}.Release|Any CPU.Build.0 = Release|Any CPU
	EndGlobalSection
	GlobalSection(SolutionProperties) = preSolution
		HideSolutionNode = FALSE
	EndGlobalSection
	GlobalSection(ExtensibilityGlobals) = postSolution
		SolutionGuid = {1597B225-E108-45F9-8370-CC721D3684AD}
	EndGlobalSection
EndGlobal
